
Microsoft Visual Studio Solution File, Format Version 12.00
# Visual Studio 2012
Project("{8BC9CEB8-8B4A-11D0-8D11-00A0C91BC942}") = "recognition", "recognition\recognition.vcxproj", "{0F1BF548-8838-422B-8CBC-DB9A208CDEAC}"
EndProject
Global
	GlobalSection(SolutionConfigurationPlatforms) = preSolution
		Debug|Win32 = Debug|Win32
		Release|Win32 = Release|Win32
	EndGlobalSection
	GlobalSection(ProjectConfigurationPlatforms) = postSolution
		{0F1BF548-8838-422B-8CBC-DB9A208CDEAC}.Debug|Win32.ActiveCfg = Debug|Win32
		{0F1BF548-8838-422B-8CBC-DB9A208CDEAC}.Debug|Win32.Build.0 = Debug|Win32
		{0F1BF548-8838-422B-8CBC-DB9A208CDEAC}.Release|Win32.ActiveCfg = Release|Win32
		{0F1BF548-8838-422B-8CBC-DB9A208CDEAC}.Release|Win32.Build.0 = Release|Win32
	EndGlobalSection
	GlobalSection(SolutionProperties) = preSolution
		HideSolutionNode = FALSE
	EndGlobalSection
EndGlobal
